// !$*UTF8*$!
{
	archiveVersion = 1;
	classes = {
	};
	objectVersion = 56;
	objects = {

/* Begin PBXBuildFile section */
		DB0D296E2ACD423A0017D35D /* main.cpp in Sources */ = {isa = PBXBuildFile; fileRef = DB0D296D2ACD423A0017D35D /* main.cpp */; };
		DB0D29762ACD504C0017D35D /* Transport.cpp in Sources */ = {isa = PBXBuildFile; fileRef = DB0D29742ACD504C0017D35D /* Transport.cpp */; };
		DB0D29792ACD50570017D35D /* Car.cpp in Sources */ = {isa = PBXBuildFile; fileRef = DB0D29772ACD50570017D35D /* Car.cpp */; };
		DB0D297C2ACD50760017D35D /* Ship.cpp in Sources */ = {isa = PBXBuildFile; fileRef = DB0D297A2ACD50760017D35D /* Ship.cpp */; };
		DB0D297F2ACD50850017D35D /* Plain.cpp in Sources */ = {isa = PBXBuildFile; fileRef = DB0D297D2ACD50850017D35D /* Plain.cpp */; };
		DB0D29822ACD50950017D35D /* Bike.cpp in Sources */ = {isa = PBXBuildFile; fileRef = DB0D29802ACD50950017D35D /* Bike.cpp */; };
		DB0D29852ACD50A90017D35D /* Tram.cpp in Sources */ = {isa = PBXBuildFile; fileRef = DB0D29832ACD50A90017D35D /* Tram.cpp */; };
/* End PBXBuildFile section */

/* Begin PBXCopyFilesBuildPhase section */
		DB0D29682ACD423A0017D35D /* CopyFiles */ = {
			isa = PBXCopyFilesBuildPhase;
			buildActionMask = 2147483647;
			dstPath = /usr/share/man/man1/;
			dstSubfolderSpec = 0;
			files = (
			);
			runOnlyForDeploymentPostprocessing = 1;
		};
/* End PBXCopyFilesBuildPhase section */

/* Begin PBXFileReference section */
		DB0D296A2ACD423A0017D35D /* Раннее связывание */ = {isa = PBXFileReference; explicitFileType = "compiled.mach-o.executable"; includeInIndex = 0; path = "Раннее связывание"; sourceTree = BUILT_PRODUCTS_DIR; };
		DB0D296D2ACD423A0017D35D /* main.cpp */ = {isa = PBXFileReference; lastKnownFileType = sourcecode.cpp.cpp; path = main.cpp; sourceTree = "<group>"; };
		DB0D29742ACD504C0017D35D /* Transport.cpp */ = {isa = PBXFileReference; lastKnownFileType = sourcecode.cpp.cpp; path = Transport.cpp; sourceTree = "<group>"; };
		DB0D29752ACD504C0017D35D /* Transport.hpp */ = {isa = PBXFileReference; lastKnownFileType = sourcecode.cpp.h; path = Transport.hpp; sourceTree = "<group>"; };
		DB0D29772ACD50570017D35D /* Car.cpp */ = {isa = PBXFileReference; lastKnownFileType = sourcecode.cpp.cpp; path = Car.cpp; sourceTree = "<group>"; };
		DB0D29782ACD50570017D35D /* Car.hpp */ = {isa = PBXFileReference; lastKnownFileType = sourcecode.cpp.h; path = Car.hpp; sourceTree = "<group>"; };
		DB0D297A2ACD50760017D35D /* Ship.cpp */ = {isa = PBXFileReference; lastKnownFileType = sourcecode.cpp.cpp; path = Ship.cpp; sourceTree = "<group>"; };
		DB0D297B2ACD50760017D35D /* Ship.hpp */ = {isa = PBXFileReference; lastKnownFileType = sourcecode.cpp.h; path = Ship.hpp; sourceTree = "<group>"; };
		DB0D297D2ACD50850017D35D /* Plain.cpp */ = {isa = PBXFileReference; lastKnownFileType = sourcecode.cpp.cpp; path = Plain.cpp; sourceTree = "<group>"; };
		DB0D297E2ACD50850017D35D /* Plain.hpp */ = {isa = PBXFileReference; lastKnownFileType = sourcecode.cpp.h; path = Plain.hpp; sourceTree = "<group>"; };
		DB0D29802ACD50950017D35D /* Bike.cpp */ = {isa = PBXFileReference; lastKnownFileType = sourcecode.cpp.cpp; path = Bike.cpp; sourceTree = "<group>"; };
		DB0D29812ACD50950017D35D /* Bike.hpp */ = {isa = PBXFileReference; lastKnownFileType = sourcecode.cpp.h; path = Bike.hpp; sourceTree = "<group>"; };
		DB0D29832ACD50A90017D35D /* Tram.cpp */ = {isa = PBXFileReference; lastKnownFileType = sourcecode.cpp.cpp; path = Tram.cpp; sourceTree = "<group>"; };
		DB0D29842ACD50A90017D35D /* Tram.hpp */ = {isa = PBXFileReference; lastKnownFileType = sourcecode.cpp.h; path = Tram.hpp; sourceTree = "<group>"; };
/* End PBXFileReference section */

/* Begin PBXFrameworksBuildPhase section */
		DB0D29672ACD423A0017D35D /* Frameworks */ = {
			isa = PBXFrameworksBuildPhase;
			buildActionMask = 2147483647;
			files = (
			);
			runOnlyForDeploymentPostprocessing = 0;
		};
/* End PBXFrameworksBuildPhase section */

/* Begin PBXGroup section */
		DB0D29612ACD423A0017D35D = {
			isa = PBXGroup;
			children = (
				DB0D296C2ACD423A0017D35D /* Раннее связывание */,
				DB0D296B2ACD423A0017D35D /* Products */,
			);
			sourceTree = "<group>";
		};
		DB0D296B2ACD423A0017D35D /* Products */ = {
			isa = PBXGroup;
			children = (
				DB0D296A2ACD423A0017D35D /* Раннее связывание */,
			);
			name = Products;
			sourceTree = "<group>";
		};
		DB0D296C2ACD423A0017D35D /* Раннее связывание */ = {
			isa = PBXGroup;
			children = (
				DB0D296D2ACD423A0017D35D /* main.cpp */,
				DB0D29832ACD50A90017D35D /* Tram.cpp */,
				DB0D29842ACD50A90017D35D /* Tram.hpp */,
				DB0D29802ACD50950017D35D /* Bike.cpp */,
				DB0D29812ACD50950017D35D /* Bike.hpp */,
				DB0D297D2ACD50850017D35D /* Plain.cpp */,
				DB0D297E2ACD50850017D35D /* Plain.hpp */,
				DB0D297A2ACD50760017D35D /* Ship.cpp */,
				DB0D297B2ACD50760017D35D /* Ship.hpp */,
				DB0D29772ACD50570017D35D /* Car.cpp */,
				DB0D29782ACD50570017D35D /* Car.hpp */,
				DB0D29742ACD504C0017D35D /* Transport.cpp */,
				DB0D29752ACD504C0017D35D /* Transport.hpp */,
			);
			path = "Раннее связывание";
			sourceTree = "<group>";
		};
/* End PBXGroup section */

/* Begin PBXNativeTarget section */
		DB0D29692ACD423A0017D35D /* Раннее связывание */ = {
			isa = PBXNativeTarget;
			buildConfigurationList = DB0D29712ACD423A0017D35D /* Build configuration list for PBXNativeTarget "Раннее связывание" */;
			buildPhases = (
				DB0D29662ACD423A0017D35D /* Sources */,
				DB0D29672ACD423A0017D35D /* Frameworks */,
				DB0D29682ACD423A0017D35D /* CopyFiles */,
			);
			buildRules = (
			);
			dependencies = (
			);
			name = "Раннее связывание";
			productName = "Раннее связывание";
			productReference = DB0D296A2ACD423A0017D35D /* Раннее связывание */;
			productType = "com.apple.product-type.tool";
		};
/* End PBXNativeTarget section */

/* Begin PBXProject section */
		DB0D29622ACD423A0017D35D /* Project object */ = {
			isa = PBXProject;
			attributes = {
				BuildIndependentTargetsInParallel = 1;
				LastUpgradeCheck = 1500;
				TargetAttributes = {
					DB0D29692ACD423A0017D35D = {
						CreatedOnToolsVersion = 15.0;
					};
				};
			};
			buildConfigurationList = DB0D29652ACD423A0017D35D /* Build configuration list for PBXProject "Раннее связывание" */;
			compatibilityVersion = "Xcode 14.0";
			developmentRegion = en;
			hasScannedForEncodings = 0;
			knownRegions = (
				en,
				Base,
			);
			mainGroup = DB0D29612ACD423A0017D35D;
			productRefGroup = DB0D296B2ACD423A0017D35D /* Products */;
			projectDirPath = "";
			projectRoot = "";
			targets = (
				DB0D29692ACD423A0017D35D /* Раннее связывание */,
			);
		};
/* End PBXProject section */

/* Begin PBXSourcesBuildPhase section */
		DB0D29662ACD423A0017D35D /* Sources */ = {
			isa = PBXSourcesBuildPhase;
			buildActionMask = 2147483647;
			files = (
				DB0D29822ACD50950017D35D /* Bike.cpp in Sources */,
				DB0D29792ACD50570017D35D /* Car.cpp in Sources */,
				DB0D297C2ACD50760017D35D /* Ship.cpp in Sources */,
				DB0D296E2ACD423A0017D35D /* main.cpp in Sources */,
				DB0D29852ACD50A90017D35D /* Tram.cpp in Sources */,
				DB0D29762ACD504C0017D35D /* Transport.cpp in Sources */,
				DB0D297F2ACD50850017D35D /* Plain.cpp in Sources */,
			);
			runOnlyForDeploymentPostprocessing = 0;
		};
/* End PBXSourcesBuildPhase section */

/* Begin XCBuildConfiguration section */
		DB0D296F2ACD423A0017D35D /* Debug */ = {
			isa = XCBuildConfiguration;
			buildSettings = {
				ALWAYS_SEARCH_USER_PATHS = NO;
				ASSETCATALOG_COMPILER_GENERATE_SWIFT_ASSET_SYMBOL_EXTENSIONS = YES;
				CLANG_ANALYZER_NONNULL = YES;
				CLANG_ANALYZER_NUMBER_OBJECT_CONVERSION = YES_AGGRESSIVE;
				CLANG_CXX_LANGUAGE_STANDARD = "gnu++20";
				CLANG_ENABLE_MODULES = YES;
				CLANG_ENABLE_OBJC_ARC = YES;
				CLANG_ENABLE_OBJC_WEAK = YES;
				CLANG_WARN_BLOCK_CAPTURE_AUTORELEASING = YES;
				CLANG_WARN_BOOL_CONVERSION = YES;
				CLANG_WARN_COMMA = YES;
				CLANG_WARN_CONSTANT_CONVERSION = YES;
				CLANG_WARN_DEPRECATED_OBJC_IMPLEMENTATIONS = YES;
				CLANG_WARN_DIRECT_OBJC_ISA_USAGE = YES_ERROR;
				CLANG_WARN_DOCUMENTATION_COMMENTS = YES;
				CLANG_WARN_EMPTY_BODY = YES;
				CLANG_WARN_ENUM_CONVERSION = YES;
				CLANG_WARN_INFINITE_RECURSION = YES;
				CLANG_WARN_INT_CONVERSION = YES;
				CLANG_WARN_NON_LITERAL_NULL_CONVERSION = YES;
				CLANG_WARN_OBJC_IMPLICIT_RETAIN_SELF = YES;
				CLANG_WARN_OBJC_LITERAL_CONVERSION = YES;
				CLANG_WARN_OBJC_ROOT_CLASS = YES_ERROR;
				CLANG_WARN_QUOTED_INCLUDE_IN_FRAMEWORK_HEADER = YES;
				CLANG_WARN_RANGE_LOOP_ANALYSIS = YES;
				CLANG_WARN_STRICT_PROTOTYPES = YES;
				CLANG_WARN_SUSPICIOUS_MOVE = YES;
				CLANG_WARN_UNGUARDED_AVAILABILITY = YES_AGGRESSIVE;
				CLANG_WARN_UNREACHABLE_CODE = YES;
				CLANG_WARN__DUPLICATE_METHOD_MATCH = YES;
				COPY_PHASE_STRIP = NO;
				DEBUG_INFORMATION_FORMAT = dwarf;
				ENABLE_STRICT_OBJC_MSGSEND = YES;
				ENABLE_TESTABILITY = YES;
				ENABLE_USER_SCRIPT_SANDBOXING = YES;
				GCC_C_LANGUAGE_STANDARD = gnu17;
				GCC_DYNAMIC_NO_PIC = NO;
				GCC_NO_COMMON_BLOCKS = YES;
				GCC_OPTIMIZATION_LEVEL = 0;
				GCC_PREPROCESSOR_DEFINITIONS = (
					"DEBUG=1",
					"$(inherited)",
				);
				GCC_WARN_64_TO_32_BIT_CONVERSION = YES;
				GCC_WARN_ABOUT_RETURN_TYPE = YES_ERROR;
				GCC_WARN_UNDECLARED_SELECTOR = YES;
				GCC_WARN_UNINITIALIZED_AUTOS = YES_AGGRESSIVE;
				GCC_WARN_UNUSED_FUNCTION = YES;
				GCC_WARN_UNUSED_VARIABLE = YES;
				LOCALIZATION_PREFERS_STRING_CATALOGS = YES;
				MACOSX_DEPLOYMENT_TARGET = 13.5;
				MTL_ENABLE_DEBUG_INFO = INCLUDE_SOURCE;
				MTL_FAST_MATH = YES;
				ONLY_ACTIVE_ARCH = YES;
				SDKROOT = macosx;
			};
			name = Debug;
		};
		DB0D29702ACD423A0017D35D /* Release */ = {
			isa = XCBuildConfiguration;
			buildSettings = {
				ALWAYS_SEARCH_USER_PATHS = NO;
				ASSETCATALOG_COMPILER_GENERATE_SWIFT_ASSET_SYMBOL_EXTENSIONS = YES;
				CLANG_ANALYZER_NONNULL = YES;
				CLANG_ANALYZER_NUMBER_OBJECT_CONVERSION = YES_AGGRESSIVE;
				CLANG_CXX_LANGUAGE_STANDARD = "gnu++20";
				CLANG_ENABLE_MODULES = YES;
				CLANG_ENABLE_OBJC_ARC = YES;
				CLANG_ENABLE_OBJC_WEAK = YES;
				CLANG_WARN_BLOCK_CAPTURE_AUTORELEASING = YES;
				CLANG_WARN_BOOL_CONVERSION = YES;
				CLANG_WARN_COMMA = YES;
				CLANG_WARN_CONSTANT_CONVERSION = YES;
				CLANG_WARN_DEPRECATED_OBJC_IMPLEMENTATIONS = YES;
				CLANG_WARN_DIRECT_OBJC_ISA_USAGE = YES_ERROR;
				CLANG_WARN_DOCUMENTATION_COMMENTS = YES;
				CLANG_WARN_EMPTY_BODY = YES;
				CLANG_WARN_ENUM_CONVERSION = YES;
				CLANG_WARN_INFINITE_RECURSION = YES;
				CLANG_WARN_INT_CONVERSION = YES;
				CLANG_WARN_NON_LITERAL_NULL_CONVERSION = YES;
				CLANG_WARN_OBJC_IMPLICIT_RETAIN_SELF = YES;
				CLANG_WARN_OBJC_LITERAL_CONVERSION = YES;
				CLANG_WARN_OBJC_ROOT_CLASS = YES_ERROR;
				CLANG_WARN_QUOTED_INCLUDE_IN_FRAMEWORK_HEADER = YES;
				CLANG_WARN_RANGE_LOOP_ANALYSIS = YES;
				CLANG_WARN_STRICT_PROTOTYPES = YES;
				CLANG_WARN_SUSPICIOUS_MOVE = YES;
				CLANG_WARN_UNGUARDED_AVAILABILITY = YES_AGGRESSIVE;
				CLANG_WARN_UNREACHABLE_CODE = YES;
				CLANG_WARN__DUPLICATE_METHOD_MATCH = YES;
				COPY_PHASE_STRIP = NO;
				DEBUG_INFORMATION_FORMAT = "dwarf-with-dsym";
				ENABLE_NS_ASSERTIONS = NO;
				ENABLE_STRICT_OBJC_MSGSEND = YES;
				ENABLE_USER_SCRIPT_SANDBOXING = YES;
				GCC_C_LANGUAGE_STANDARD = gnu17;
				GCC_NO_COMMON_BLOCKS = YES;
				GCC_WARN_64_TO_32_BIT_CONVERSION = YES;
				GCC_WARN_ABOUT_RETURN_TYPE = YES_ERROR;
				GCC_WARN_UNDECLARED_SELECTOR = YES;
				GCC_WARN_UNINITIALIZED_AUTOS = YES_AGGRESSIVE;
				GCC_WARN_UNUSED_FUNCTION = YES;
				GCC_WARN_UNUSED_VARIABLE = YES;
				LOCALIZATION_PREFERS_STRING_CATALOGS = YES;
				MACOSX_DEPLOYMENT_TARGET = 13.5;
				MTL_ENABLE_DEBUG_INFO = NO;
				MTL_FAST_MATH = YES;
				SDKROOT = macosx;
			};
			name = Release;
		};
		DB0D29722ACD423A0017D35D /* Debug */ = {
			isa = XCBuildConfiguration;
			buildSettings = {
				CODE_SIGN_STYLE = Automatic;
				PRODUCT_NAME = "$(TARGET_NAME)";
			};
			name = Debug;
		};
		DB0D29732ACD423A0017D35D /* Release */ = {
			isa = XCBuildConfiguration;
			buildSettings = {
				CODE_SIGN_STYLE = Automatic;
				PRODUCT_NAME = "$(TARGET_NAME)";
			};
			name = Release;
		};
/* End XCBuildConfiguration section */

/* Begin XCConfigurationList section */
		DB0D29652ACD423A0017D35D /* Build configuration list for PBXProject "Раннее связывание" */ = {
			isa = XCConfigurationList;
			buildConfigurations = (
				DB0D296F2ACD423A0017D35D /* Debug */,
				DB0D29702ACD423A0017D35D /* Release */,
			);
			defaultConfigurationIsVisible = 0;
			defaultConfigurationName = Release;
		};
		DB0D29712ACD423A0017D35D /* Build configuration list for PBXNativeTarget "Раннее связывание" */ = {
			isa = XCConfigurationList;
			buildConfigurations = (
				DB0D29722ACD423A0017D35D /* Debug */,
				DB0D29732ACD423A0017D35D /* Release */,
			);
			defaultConfigurationIsVisible = 0;
			defaultConfigurationName = Release;
		};
/* End XCConfigurationList section */
	};
	rootObject = DB0D29622ACD423A0017D35D /* Project object */;
}
